
Microsoft Visual Studio Solution File, Format Version 12.00
# Visual Studio Version 16
VisualStudioVersion = 16.0.30503.244
MinimumVisualStudioVersion = 10.0.40219.1
Project("{FAE04EC0-301F-11D3-BF4B-00C04F79EFBC}") = "Ferreteria", "Ferreteria\Ferreteria.csproj", "{EA0C112B-6DED-4A59-B2BC-E0FB14D5D493}"
EndProject
Project("{FAE04EC0-301F-11D3-BF4B-00C04F79EFBC}") = "BussinessObject", "BussinessObject\BussinessObject.csproj", "{999F791E-3B20-40F3-ABE2-4E7F8E132E9E}"
EndProject
Project("{FAE04EC0-301F-11D3-BF4B-00C04F79EFBC}") = "Entity", "Entity\Entity.csproj", "{344C4F1C-3B95-4F14-95E2-0594DD8908BC}"
EndProject
Project("{FAE04EC0-301F-11D3-BF4B-00C04F79EFBC}") = "DataAccess", "DataAccess\DataAccess.csproj", "{E5A960FC-BBEA-48F0-B4B3-81D095232B62}"
EndProject
Project("{FAE04EC0-301F-11D3-BF4B-00C04F79EFBC}") = "DataAccessObject", "DataAccessObject\DataAccessObject.csproj", "{51B952C5-CCB2-4EF0-A615-D9B5FD20A5A2}"
EndProject
Global
	GlobalSection(SolutionConfigurationPlatforms) = preSolution
		Debug|Any CPU = Debug|Any CPU
		Release|Any CPU = Release|Any CPU
	EndGlobalSection
	GlobalSection(ProjectConfigurationPlatforms) = postSolution
		{EA0C112B-6DED-4A59-B2BC-E0FB14D5D493}.Debug|Any CPU.ActiveCfg = Debug|Any CPU
		{EA0C112B-6DED-4A59-B2BC-E0FB14D5D493}.Debug|Any CPU.Build.0 = Debug|Any CPU
		{EA0C112B-6DED-4A59-B2BC-E0FB14D5D493}.Release|Any CPU.ActiveCfg = Release|Any CPU
		{EA0C112B-6DED-4A59-B2BC-E0FB14D5D493}.Release|Any CPU.Build.0 = Release|Any CPU
		{999F791E-3B20-40F3-ABE2-4E7F8E132E9E}.Debug|Any CPU.ActiveCfg = Debug|Any CPU
		{999F791E-3B20-40F3-ABE2-4E7F8E132E9E}.Debug|Any CPU.Build.0 = Debug|Any CPU
		{999F791E-3B20-40F3-ABE2-4E7F8E132E9E}.Release|Any CPU.ActiveCfg = Release|Any CPU
		{999F791E-3B20-40F3-ABE2-4E7F8E132E9E}.Release|Any CPU.Build.0 = Release|Any CPU
		{344C4F1C-3B95-4F14-95E2-0594DD8908BC}.Debug|Any CPU.ActiveCfg = Debug|Any CPU
		{344C4F1C-3B95-4F14-95E2-0594DD8908BC}.Debug|Any CPU.Build.0 = Debug|Any CPU
		{344C4F1C-3B95-4F14-95E2-0594DD8908BC}.Release|Any CPU.ActiveCfg = Release|Any CPU
		{344C4F1C-3B95-4F14-95E2-0594DD8908BC}.Release|Any CPU.Build.0 = Release|Any CPU
		{E5A960FC-BBEA-48F0-B4B3-81D095232B62}.Debug|Any CPU.ActiveCfg = Debug|Any CPU
		{E5A960FC-BBEA-48F0-B4B3-81D095232B62}.Debug|Any CPU.Build.0 = Debug|Any CPU
		{E5A960FC-BBEA-48F0-B4B3-81D095232B62}.Release|Any CPU.ActiveCfg = Release|Any CPU
		{E5A960FC-BBEA-48F0-B4B3-81D095232B62}.Release|Any CPU.Build.0 = Release|Any CPU
		{51B952C5-CCB2-4EF0-A615-D9B5FD20A5A2}.Debug|Any CPU.ActiveCfg = Debug|Any CPU
		{51B952C5-CCB2-4EF0-A615-D9B5FD20A5A2}.Debug|Any CPU.Build.0 = Debug|Any CPU
		{51B952C5-CCB2-4EF0-A615-D9B5FD20A5A2}.Release|Any CPU.ActiveCfg = Release|Any CPU
		{51B952C5-CCB2-4EF0-A615-D9B5FD20A5A2}.Release|Any CPU.Build.0 = Release|Any CPU
	EndGlobalSection
	GlobalSection(SolutionProperties) = preSolution
		HideSolutionNode = FALSE
	EndGlobalSection
	GlobalSection(ExtensibilityGlobals) = postSolution
		SolutionGuid = {9880B7C2-6123-4656-845B-5492F632EA74}
	EndGlobalSection
EndGlobal
